// !$*UTF8*$!
{
	archiveVersion = 1;
	classes = {
	};
	objectVersion = 50;
	objects = {

/* Begin PBXBuildFile section */
		96FA92E02455B49500C4CE31 /* AppDelegate.swift in Sources */ = {isa = PBXBuildFile; fileRef = 96FA92DF2455B49500C4CE31 /* AppDelegate.swift */; };
		96FA92E22455B49500C4CE31 /* ContentView.swift in Sources */ = {isa = PBXBuildFile; fileRef = 96FA92E12455B49500C4CE31 /* ContentView.swift */; };
		96FA92E42455B49900C4CE31 /* Assets.xcassets in Resources */ = {isa = PBXBuildFile; fileRef = 96FA92E32455B49900C4CE31 /* Assets.xcassets */; };
		96FA92E72455B49900C4CE31 /* Preview Assets.xcassets in Resources */ = {isa = PBXBuildFile; fileRef = 96FA92E62455B49900C4CE31 /* Preview Assets.xcassets */; };
		96FA92EA2455B49900C4CE31 /* Main.storyboard in Resources */ = {isa = PBXBuildFile; fileRef = 96FA92E82455B49900C4CE31 /* Main.storyboard */; };
/* End PBXBuildFile section */

/* Begin PBXFileReference section */
		96FA92DC2455B49500C4CE31 /* Vokabelliste Latein.app */ = {isa = PBXFileReference; explicitFileType = wrapper.application; includeInIndex = 0; path = "Vokabelliste Latein.app"; sourceTree = BUILT_PRODUCTS_DIR; };
		96FA92DF2455B49500C4CE31 /* AppDelegate.swift */ = {isa = PBXFileReference; lastKnownFileType = sourcecode.swift; path = AppDelegate.swift; sourceTree = "<group>"; };
		96FA92E12455B49500C4CE31 /* ContentView.swift */ = {isa = PBXFileReference; lastKnownFileType = sourcecode.swift; path = ContentView.swift; sourceTree = "<group>"; };
		96FA92E32455B49900C4CE31 /* Assets.xcassets */ = {isa = PBXFileReference; lastKnownFileType = folder.assetcatalog; path = Assets.xcassets; sourceTree = "<group>"; };
		96FA92E62455B49900C4CE31 /* Preview Assets.xcassets */ = {isa = PBXFileReference; lastKnownFileType = folder.assetcatalog; path = "Preview Assets.xcassets"; sourceTree = "<group>"; };
		96FA92E92455B49900C4CE31 /* Base */ = {isa = PBXFileReference; lastKnownFileType = file.storyboard; name = Base; path = Base.lproj/Main.storyboard; sourceTree = "<group>"; };
		96FA92EB2455B49900C4CE31 /* Info.plist */ = {isa = PBXFileReference; lastKnownFileType = text.plist.xml; path = Info.plist; sourceTree = "<group>"; };
		96FA92EC2455B49900C4CE31 /* Vokabelliste_Latein.entitlements */ = {isa = PBXFileReference; lastKnownFileType = text.plist.entitlements; path = Vokabelliste_Latein.entitlements; sourceTree = "<group>"; };
/* End PBXFileReference section */

/* Begin PBXFrameworksBuildPhase section */
		96FA92D92455B49500C4CE31 /* Frameworks */ = {
			isa = PBXFrameworksBuildPhase;
			buildActionMask = 2147483647;
			files = (
			);
			runOnlyForDeploymentPostprocessing = 0;
		};
/* End PBXFrameworksBuildPhase section */

/* Begin PBXGroup section */
		96FA92D32455B49500C4CE31 = {
			isa = PBXGroup;
			children = (
				96FA92DE2455B49500C4CE31 /* Vokabelliste Latein */,
				96FA92DD2455B49500C4CE31 /* Products */,
			);
			sourceTree = "<group>";
		};
		96FA92DD2455B49500C4CE31 /* Products */ = {
			isa = PBXGroup;
			children = (
				96FA92DC2455B49500C4CE31 /* Vokabelliste Latein.app */,
			);
			name = Products;
			sourceTree = "<group>";
		};
		96FA92DE2455B49500C4CE31 /* Vokabelliste Latein */ = {
			isa = PBXGroup;
			children = (
				96FA92DF2455B49500C4CE31 /* AppDelegate.swift */,
				96FA92E12455B49500C4CE31 /* ContentView.swift */,
				96FA92E32455B49900C4CE31 /* Assets.xcassets */,
				96FA92E82455B49900C4CE31 /* Main.storyboard */,
				96FA92EB2455B49900C4CE31 /* Info.plist */,
				96FA92EC2455B49900C4CE31 /* Vokabelliste_Latein.entitlements */,
				96FA92E52455B49900C4CE31 /* Preview Content */,
			);
			path = "Vokabelliste Latein";
			sourceTree = "<group>";
		};
		96FA92E52455B49900C4CE31 /* Preview Content */ = {
			isa = PBXGroup;
			children = (
				96FA92E62455B49900C4CE31 /* Preview Assets.xcassets */,
			);
			path = "Preview Content";
			sourceTree = "<group>";
		};
/* End PBXGroup section */

/* Begin PBXNativeTarget section */
		96FA92DB2455B49500C4CE31 /* Vokabelliste Latein */ = {
			isa = PBXNativeTarget;
			buildConfigurationList = 96FA92EF2455B49900C4CE31 /* Build configuration list for PBXNativeTarget "Vokabelliste Latein" */;
			buildPhases = (
				96FA92D82455B49500C4CE31 /* Sources */,
				96FA92D92455B49500C4CE31 /* Frameworks */,
				96FA92DA2455B49500C4CE31 /* Resources */,
			);
			buildRules = (
			);
			dependencies = (
			);
			name = "Vokabelliste Latein";
			productName = "Vokabelliste Latein";
			productReference = 96FA92DC2455B49500C4CE31 /* Vokabelliste Latein.app */;
			productType = "com.apple.product-type.application";
		};
/* End PBXNativeTarget section */

/* Begin PBXProject section */
		96FA92D42455B49500C4CE31 /* Project object */ = {
			isa = PBXProject;
			attributes = {
				LastSwiftUpdateCheck = 1140;
				LastUpgradeCheck = 1140;
				ORGANIZATIONNAME = h4ckua11;
				TargetAttributes = {
					96FA92DB2455B49500C4CE31 = {
						CreatedOnToolsVersion = 11.4.1;
					};
				};
			};
			buildConfigurationList = 96FA92D72455B49500C4CE31 /* Build configuration list for PBXProject "Vokabelliste Latein" */;
			compatibilityVersion = "Xcode 9.3";
			developmentRegion = en;
			hasScannedForEncodings = 0;
			knownRegions = (
				en,
				Base,
			);
			mainGroup = 96FA92D32455B49500C4CE31;
			productRefGroup = 96FA92DD2455B49500C4CE31 /* Products */;
			projectDirPath = "";
			projectRoot = "";
			targets = (
				96FA92DB2455B49500C4CE31 /* Vokabelliste Latein */,
			);
		};
/* End PBXProject section */

/* Begin PBXResourcesBuildPhase section */
		96FA92DA2455B49500C4CE31 /* Resources */ = {
			isa = PBXResourcesBuildPhase;
			buildActionMask = 2147483647;
			files = (
				96FA92EA2455B49900C4CE31 /* Main.storyboard in Resources */,
				96FA92E72455B49900C4CE31 /* Preview Assets.xcassets in Resources */,
				96FA92E42455B49900C4CE31 /* Assets.xcassets in Resources */,
			);
			runOnlyForDeploymentPostprocessing = 0;
		};
/* End PBXResourcesBuildPhase section */

/* Begin PBXSourcesBuildPhase section */
		96FA92D82455B49500C4CE31 /* Sources */ = {
			isa = PBXSourcesBuildPhase;
			buildActionMask = 2147483647;
			files = (
				96FA92E22455B49500C4CE31 /* ContentView.swift in Sources */,
				96FA92E02455B49500C4CE31 /* AppDelegate.swift in Sources */,
			);
			runOnlyForDeploymentPostprocessing = 0;
		};
/* End PBXSourcesBuildPhase section */

/* Begin PBXVariantGroup section */
		96FA92E82455B49900C4CE31 /* Main.storyboard */ = {
			isa = PBXVariantGroup;
			children = (
				96FA92E92455B49900C4CE31 /* Base */,
			);
			name = Main.storyboard;
			sourceTree = "<group>";
		};
/* End PBXVariantGroup section */

/* Begin XCBuildConfiguration section */
		96FA92ED2455B49900C4CE31 /* Debug */ = {
			isa = XCBuildConfiguration;
			buildSettings = {
				ALWAYS_SEARCH_USER_PATHS = NO;
				CLANG_ANALYZER_NONNULL = YES;
				CLANG_ANALYZER_NUMBER_OBJECT_CONVERSION = YES_AGGRESSIVE;
				CLANG_CXX_LANGUAGE_STANDARD = "gnu++14";
				CLANG_CXX_LIBRARY = "libc++";
				CLANG_ENABLE_MODULES = YES;
				CLANG_ENABLE_OBJC_ARC = YES;
				CLANG_ENABLE_OBJC_WEAK = YES;
				CLANG_WARN_BLOCK_CAPTURE_AUTORELEASING = YES;
				CLANG_WARN_BOOL_CONVERSION = YES;
				CLANG_WARN_COMMA = YES;
				CLANG_WARN_CONSTANT_CONVERSION = YES;
				CLANG_WARN_DEPRECATED_OBJC_IMPLEMENTATIONS = YES;
				CLANG_WARN_DIRECT_OBJC_ISA_USAGE = YES_ERROR;
				CLANG_WARN_DOCUMENTATION_COMMENTS = YES;
				CLANG_WARN_EMPTY_BODY = YES;
				CLANG_WARN_ENUM_CONVERSION = YES;
				CLANG_WARN_INFINITE_RECURSION = YES;
				CLANG_WARN_INT_CONVERSION = YES;
				CLANG_WARN_NON_LITERAL_NULL_CONVERSION = YES;
				CLANG_WARN_OBJC_IMPLICIT_RETAIN_SELF = YES;
				CLANG_WARN_OBJC_LITERAL_CONVERSION = YES;
				CLANG_WARN_OBJC_ROOT_CLASS = YES_ERROR;
				CLANG_WARN_RANGE_LOOP_ANALYSIS = YES;
				CLANG_WARN_STRICT_PROTOTYPES = YES;
				CLANG_WARN_SUSPICIOUS_MOVE = YES;
				CLANG_WARN_UNGUARDED_AVAILABILITY = YES_AGGRESSIVE;
				CLANG_WARN_UNREACHABLE_CODE = YES;
				CLANG_WARN__DUPLICATE_METHOD_MATCH = YES;
				COPY_PHASE_STRIP = NO;
				DEBUG_INFORMATION_FORMAT = dwarf;
				ENABLE_STRICT_OBJC_MSGSEND = YES;
				ENABLE_TESTABILITY = YES;
				GCC_C_LANGUAGE_STANDARD = gnu11;
				GCC_DYNAMIC_NO_PIC = NO;
				GCC_NO_COMMON_BLOCKS = YES;
				GCC_OPTIMIZATION_LEVEL = 0;
				GCC_PREPROCESSOR_DEFINITIONS = (
					"DEBUG=1",
					"$(inherited)",
				);
				GCC_WARN_64_TO_32_BIT_CONVERSION = YES;
				GCC_WARN_ABOUT_RETURN_TYPE = YES_ERROR;
				GCC_WARN_UNDECLARED_SELECTOR = YES;
				GCC_WARN_UNINITIALIZED_AUTOS = YES_AGGRESSIVE;
				GCC_WARN_UNUSED_FUNCTION = YES;
				GCC_WARN_UNUSED_VARIABLE = YES;
				MACOSX_DEPLOYMENT_TARGET = 10.15;
				MTL_ENABLE_DEBUG_INFO = INCLUDE_SOURCE;
				MTL_FAST_MATH = YES;
				ONLY_ACTIVE_ARCH = YES;
				SDKROOT = macosx;
				SWIFT_ACTIVE_COMPILATION_CONDITIONS = DEBUG;
				SWIFT_OPTIMIZATION_LEVEL = "-Onone";
			};
			name = Debug;
		};
		96FA92EE2455B49900C4CE31 /* Release */ = {
			isa = XCBuildConfiguration;
			buildSettings = {
				ALWAYS_SEARCH_USER_PATHS = NO;
				CLANG_ANALYZER_NONNULL = YES;
				CLANG_ANALYZER_NUMBER_OBJECT_CONVERSION = YES_AGGRESSIVE;
				CLANG_CXX_LANGUAGE_STANDARD = "gnu++14";
				CLANG_CXX_LIBRARY = "libc++";
				CLANG_ENABLE_MODULES = YES;
				CLANG_ENABLE_OBJC_ARC = YES;
				CLANG_ENABLE_OBJC_WEAK = YES;
				CLANG_WARN_BLOCK_CAPTURE_AUTORELEASING = YES;
				CLANG_WARN_BOOL_CONVERSION = YES;
				CLANG_WARN_COMMA = YES;
				CLANG_WARN_CONSTANT_CONVERSION = YES;
				CLANG_WARN_DEPRECATED_OBJC_IMPLEMENTATIONS = YES;
				CLANG_WARN_DIRECT_OBJC_ISA_USAGE = YES_ERROR;
				CLANG_WARN_DOCUMENTATION_COMMENTS = YES;
				CLANG_WARN_EMPTY_BODY = YES;
				CLANG_WARN_ENUM_CONVERSION = YES;
				CLANG_WARN_INFINITE_RECURSION = YES;
				CLANG_WARN_INT_CONVERSION = YES;
				CLANG_WARN_NON_LITERAL_NULL_CONVERSION = YES;
				CLANG_WARN_OBJC_IMPLICIT_RETAIN_SELF = YES;
				CLANG_WARN_OBJC_LITERAL_CONVERSION = YES;
				CLANG_WARN_OBJC_ROOT_CLASS = YES_ERROR;
				CLANG_WARN_RANGE_LOOP_ANALYSIS = YES;
				CLANG_WARN_STRICT_PROTOTYPES = YES;
				CLANG_WARN_SUSPICIOUS_MOVE = YES;
				CLANG_WARN_UNGUARDED_AVAILABILITY = YES_AGGRESSIVE;
				CLANG_WARN_UNREACHABLE_CODE = YES;
				CLANG_WARN__DUPLICATE_METHOD_MATCH = YES;
				COPY_PHASE_STRIP = NO;
				DEBUG_INFORMATION_FORMAT = "dwarf-with-dsym";
				ENABLE_NS_ASSERTIONS = NO;
				ENABLE_STRICT_OBJC_MSGSEND = YES;
				GCC_C_LANGUAGE_STANDARD = gnu11;
				GCC_NO_COMMON_BLOCKS = YES;
				GCC_WARN_64_TO_32_BIT_CONVERSION = YES;
				GCC_WARN_ABOUT_RETURN_TYPE = YES_ERROR;
				GCC_WARN_UNDECLARED_SELECTOR = YES;
				GCC_WARN_UNINITIALIZED_AUTOS = YES_AGGRESSIVE;
				GCC_WARN_UNUSED_FUNCTION = YES;
				GCC_WARN_UNUSED_VARIABLE = YES;
				MACOSX_DEPLOYMENT_TARGET = 10.15;
				MTL_ENABLE_DEBUG_INFO = NO;
				MTL_FAST_MATH = YES;
				SDKROOT = macosx;
				SWIFT_COMPILATION_MODE = wholemodule;
				SWIFT_OPTIMIZATION_LEVEL = "-O";
			};
			name = Release;
		};
		96FA92F02455B49900C4CE31 /* Debug */ = {
			isa = XCBuildConfiguration;
			buildSettings = {
				ASSETCATALOG_COMPILER_APPICON_NAME = AppIcon;
				CODE_SIGN_ENTITLEMENTS = "Vokabelliste Latein/Vokabelliste_Latein.entitlements";
				CODE_SIGN_STYLE = Automatic;
				COMBINE_HIDPI_IMAGES = YES;
				DEVELOPMENT_ASSET_PATHS = "\"Vokabelliste Latein/Preview Content\"";
				DEVELOPMENT_TEAM = RV889L25XC;
				ENABLE_HARDENED_RUNTIME = YES;
				ENABLE_PREVIEWS = YES;
				INFOPLIST_FILE = "Vokabelliste Latein/Info.plist";
				LD_RUNPATH_SEARCH_PATHS = (
					"$(inherited)",
					"@executable_path/../Frameworks",
				);
				MACOSX_DEPLOYMENT_TARGET = 10.15;
				PRODUCT_BUNDLE_IDENTIFIER = "com.h4ckua11.Vokabelliste-Latein";
				PRODUCT_NAME = "$(TARGET_NAME)";
				SWIFT_VERSION = 5.0;
			};
			name = Debug;
		};
		96FA92F12455B49900C4CE31 /* Release */ = {
			isa = XCBuildConfiguration;
			buildSettings = {
				ASSETCATALOG_COMPILER_APPICON_NAME = AppIcon;
				CODE_SIGN_ENTITLEMENTS = "Vokabelliste Latein/Vokabelliste_Latein.entitlements";
				CODE_SIGN_STYLE = Automatic;
				COMBINE_HIDPI_IMAGES = YES;
				DEVELOPMENT_ASSET_PATHS = "\"Vokabelliste Latein/Preview Content\"";
				DEVELOPMENT_TEAM = RV889L25XC;
				ENABLE_HARDENED_RUNTIME = YES;
				ENABLE_PREVIEWS = YES;
				INFOPLIST_FILE = "Vokabelliste Latein/Info.plist";
				LD_RUNPATH_SEARCH_PATHS = (
					"$(inherited)",
					"@executable_path/../Frameworks",
				);
				MACOSX_DEPLOYMENT_TARGET = 10.15;
				PRODUCT_BUNDLE_IDENTIFIER = "com.h4ckua11.Vokabelliste-Latein";
				PRODUCT_NAME = "$(TARGET_NAME)";
				SWIFT_VERSION = 5.0;
			};
			name = Release;
		};
/* End XCBuildConfiguration section */

/* Begin XCConfigurationList section */
		96FA92D72455B49500C4CE31 /* Build configuration list for PBXProject "Vokabelliste Latein" */ = {
			isa = XCConfigurationList;
			buildConfigurations = (
				96FA92ED2455B49900C4CE31 /* Debug */,
				96FA92EE2455B49900C4CE31 /* Release */,
			);
			defaultConfigurationIsVisible = 0;
			defaultConfigurationName = Release;
		};
		96FA92EF2455B49900C4CE31 /* Build configuration list for PBXNativeTarget "Vokabelliste Latein" */ = {
			isa = XCConfigurationList;
			buildConfigurations = (
				96FA92F02455B49900C4CE31 /* Debug */,
				96FA92F12455B49900C4CE31 /* Release */,
			);
			defaultConfigurationIsVisible = 0;
			defaultConfigurationName = Release;
		};
/* End XCConfigurationList section */
	};
	rootObject = 96FA92D42455B49500C4CE31 /* Project object */;
}
